dependencies:
- name: blobscan-web
  repository: https://blobscan.github.io/blobscan-helm-charts
  version: 0.4.2
- name: blobscan-api
  repository: https://blobscan.github.io/blobscan-helm-charts
  version: 0.4.2
- name: blobscan-indexer
  repository: https://blobscan.github.io/blobscan-helm-charts
  version: 0.2.11
- name: postgresql
  repository: https://charts.bitnami.com/bitnami
  version: 15.5.20
- name: redis
  repository: https://charts.bitnami.com/bitnami
  version: 19.6.4
digest: sha256:382519fd4cf8909fc76252669888425ab7e1f9d17ab70ec95ea6a8e0d7a8a737
generated: "2025-04-11T23:33:50.089525887+02:00"
