dependencies:
- name: blobscan-web
  repository: https://blobscan.github.io/blobscan-helm-charts
  version: 0.4.2
- name: blobscan-api
  repository: https://blobscan.github.io/blobscan-helm-charts
  version: 0.4.7
- name: blobscan-indexer
  repository: https://blobscan.github.io/blobscan-helm-charts
  version: 0.2.11
- name: postgresql
  repository: https://charts.bitnami.com/bitnami
  version: 15.5.20
- name: redis
  repository: https://charts.bitnami.com/bitnami
  version: 19.6.4
digest: sha256:e96cb5380711cded5c31f44de3f852446798697a97a10c1bdfad033349061a68
generated: "2025-04-19T01:11:17.281281864+02:00"
